{
  "version": 4,
  "terraform_version": "1.10.4",
  "serial": 4,
  "lineage": "f0f8ac79-605f-4a27-b6d7-5f6ba97f3855",
  "outputs": {
    "network_interface_id": {
      "value": "eni-0e51e7447f045aea0",
      "type": "string"
    }
  },
  "resources": [
    {
      "mode": "managed",
      "type": "aws_network_interface",
      "name": "network_interface",
      "provider": "provider[\"registry.terraform.io/hashicorp/aws\"]",
      "instances": [
        {
          "schema_version": 0,
          "attributes": {
            "arn": "arn:aws:ec2:us-east-1:840414111995:network-interface/eni-0e51e7447f045aea0",
            "attachment": [],
            "description": "",
            "enable_primary_ipv6": null,
            "id": "eni-0e51e7447f045aea0",
            "interface_type": "interface",
            "ipv4_prefix_count": 0,
            "ipv4_prefixes": [],
            "ipv6_address_count": 0,
            "ipv6_address_list": [],
            "ipv6_address_list_enabled": false,
            "ipv6_addresses": [],
            "ipv6_prefix_count": 0,
            "ipv6_prefixes": [],
            "mac_address": "0a:ff:db:31:8d:f9",
            "outpost_arn": "",
            "owner_id": "840414111995",
            "private_dns_name": "",
            "private_ip": "10.0.1.183",
            "private_ip_list": [
              "10.0.1.183"
            ],
            "private_ip_list_enabled": false,
            "private_ips": [
              "10.0.1.183"
            ],
            "private_ips_count": 0,
            "security_groups": [
              "sg-0d3254a50e4e081b5"
            ],
            "source_dest_check": false,
            "subnet_id": "subnet-09c9eff113c760d5a",
            "tags": {
              "Name": "Coder easy NAT instance_network_interface"
            },
            "tags_all": {
              "Name": "Coder easy NAT instance_network_interface"
            }
          },
          "sensitive_attributes": [],
          "private": "bnVsbA==",
          "dependencies": [
            "aws_security_group.security_group"
          ]
        }
      ]
    },
    {
      "mode": "managed",
      "type": "aws_security_group",
      "name": "security_group",
      "provider": "provider[\"registry.terraform.io/hashicorp/aws\"]",
      "instances": [
        {
          "schema_version": 1,
          "attributes": {
            "arn": "arn:aws:ec2:us-east-1:840414111995:security-group/sg-0d3254a50e4e081b5",
            "description": "Security Group for NAT instance",
            "egress": [
              {
                "cidr_blocks": [
                  "0.0.0.0/0"
                ],
                "description": "Default egress",
                "from_port": 0,
                "ipv6_cidr_blocks": [],
                "prefix_list_ids": [],
                "protocol": "-1",
                "security_groups": [],
                "self": true,
                "to_port": 0
              }
            ],
            "id": "sg-0d3254a50e4e081b5",
            "ingress": [
              {
                "cidr_blocks": [
                  "0.0.0.0/0"
                ],
                "description": "Ingress CIDR",
                "from_port": 0,
                "ipv6_cidr_blocks": [],
                "prefix_list_ids": [],
                "protocol": "-1",
                "security_groups": [],
                "self": true,
                "to_port": 0
              }
            ],
            "name": "nat_instance_security_group",
            "name_prefix": "",
            "owner_id": "840414111995",
            "revoke_rules_on_delete": false,
            "tags": null,
            "tags_all": {},
            "timeouts": null,
            "vpc_id": "vpc-031449cf5f23e70a5"
          },
          "sensitive_attributes": [],
          "private": "eyJlMmJmYjczMC1lY2FhLTExZTYtOGY4OC0zNDM2M2JjN2M0YzAiOnsiY3JlYXRlIjo2MDAwMDAwMDAwMDAsImRlbGV0ZSI6OTAwMDAwMDAwMDAwfSwic2NoZW1hX3ZlcnNpb24iOiIxIn0="
        }
      ]
    }
  ],
  "check_results": null
}
