{
  "version": 4,
  "terraform_version": "1.10.4",
  "serial": 8,
  "lineage": "f0f8ac79-605f-4a27-b6d7-5f6ba97f3855",
  "outputs": {
    "instance_id": {
      "value": "i-0ec477f71f5bb9a34",
      "type": "string"
    },
    "network_interface_id": {
      "value": "eni-0e51e7447f045aea0",
      "type": "string"
    }
  },
  "resources": [
    {
      "mode": "managed",
      "type": "aws_eip",
      "name": "nat_public_ip",
      "provider": "provider[\"registry.terraform.io/hashicorp/aws\"]",
      "instances": [
        {
          "schema_version": 0,
          "attributes": {
            "address": null,
            "allocation_id": "eipalloc-09ea6351ce0459343",
            "arn": "arn:aws:ec2:us-east-1:840414111995:elastic-ip/eipalloc-09ea6351ce0459343",
            "associate_with_private_ip": null,
            "association_id": "eipassoc-0d0672e85aca15ffd",
            "carrier_ip": "",
            "customer_owned_ip": "",
            "customer_owned_ipv4_pool": "",
            "domain": "vpc",
            "id": "eipalloc-09ea6351ce0459343",
            "instance": "i-0ec477f71f5bb9a34",
            "ipam_pool_id": null,
            "network_border_group": "us-east-1",
            "network_interface": "eni-0e51e7447f045aea0",
            "private_dns": "ip-10-0-1-183.ec2.internal",
            "private_ip": "10.0.1.183",
            "ptr_record": "",
            "public_dns": "ec2-72-44-51-182.compute-1.amazonaws.com",
            "public_ip": "72.44.51.182",
            "public_ipv4_pool": "amazon",
            "tags": null,
            "tags_all": {},
            "timeouts": null,
            "vpc": true
          },
          "sensitive_attributes": [],
          "private": "eyJlMmJmYjczMC1lY2FhLTExZTYtOGY4OC0zNDM2M2JjN2M0YzAiOnsiZGVsZXRlIjoxODAwMDAwMDAwMDAsInJlYWQiOjkwMDAwMDAwMDAwMCwidXBkYXRlIjozMDAwMDAwMDAwMDB9fQ==",
          "dependencies": [
            "aws_instance.nat_instance",
            "aws_network_interface.network_interface",
            "aws_security_group.security_group"
          ]
        }
      ]
    },
    {
      "mode": "managed",
      "type": "aws_instance",
      "name": "nat_instance",
      "provider": "provider[\"registry.terraform.io/hashicorp/aws\"]",
      "instances": [
        {
          "index_key": 0,
          "schema_version": 1,
          "attributes": {
            "ami": "ami-0e2c8caa4b6378d8c",
            "arn": "arn:aws:ec2:us-east-1:840414111995:instance/i-0ec477f71f5bb9a34",
            "associate_public_ip_address": false,
            "availability_zone": "us-east-1a",
            "capacity_reservation_specification": [
              {
                "capacity_reservation_preference": "open",
                "capacity_reservation_target": []
              }
            ],
            "cpu_core_count": 1,
            "cpu_options": [
              {
                "amd_sev_snp": "",
                "core_count": 1,
                "threads_per_core": 1
              }
            ],
            "cpu_threads_per_core": 1,
            "credit_specification": [
              {
                "cpu_credits": "standard"
              }
            ],
            "disable_api_stop": false,
            "disable_api_termination": false,
            "ebs_block_device": [],
            "ebs_optimized": false,
            "enable_primary_ipv6": null,
            "enclave_options": [
              {
                "enabled": false
              }
            ],
            "ephemeral_block_device": [],
            "get_password_data": false,
            "hibernation": false,
            "host_id": "",
            "host_resource_group_arn": null,
            "iam_instance_profile": "",
            "id": "i-0ec477f71f5bb9a34",
            "instance_initiated_shutdown_behavior": "stop",
            "instance_lifecycle": "",
            "instance_market_options": [],
            "instance_state": "running",
            "instance_type": "t2.micro",
            "ipv6_address_count": 0,
            "ipv6_addresses": [],
            "key_name": "Gurpreet's KP",
            "launch_template": [],
            "maintenance_options": [
              {
                "auto_recovery": "default"
              }
            ],
            "metadata_options": [
              {
                "http_endpoint": "enabled",
                "http_protocol_ipv6": "disabled",
                "http_put_response_hop_limit": 2,
                "http_tokens": "required",
                "instance_metadata_tags": "disabled"
              }
            ],
            "monitoring": false,
            "network_interface": [
              {
                "delete_on_termination": false,
                "device_index": 0,
                "network_card_index": 0,
                "network_interface_id": "eni-0e51e7447f045aea0"
              }
            ],
            "outpost_arn": "",
            "password_data": "",
            "placement_group": "",
            "placement_partition_number": 0,
            "primary_network_interface_id": "eni-0e51e7447f045aea0",
            "private_dns": "ip-10-0-1-183.ec2.internal",
            "private_dns_name_options": [
              {
                "enable_resource_name_dns_a_record": false,
                "enable_resource_name_dns_aaaa_record": false,
                "hostname_type": "ip-name"
              }
            ],
            "private_ip": "10.0.1.183",
            "public_dns": "",
            "public_ip": "",
            "root_block_device": [
              {
                "delete_on_termination": true,
                "device_name": "/dev/sda1",
                "encrypted": false,
                "iops": 3000,
                "kms_key_id": "",
                "tags": {},
                "tags_all": {},
                "throughput": 125,
                "volume_id": "vol-0eadec388491424ee",
                "volume_size": 8,
                "volume_type": "gp3"
              }
            ],
            "secondary_private_ips": [],
            "security_groups": [],
            "source_dest_check": false,
            "spot_instance_request_id": "",
            "subnet_id": "subnet-09c9eff113c760d5a",
            "tags": {
              "Name": "Coder NAT instance",
              "Role": "nat"
            },
            "tags_all": {
              "Name": "Coder NAT instance",
              "Role": "nat"
            },
            "tenancy": "default",
            "timeouts": null,
            "user_data": "ff205bc28d79a7e8f56d545f389b910d98d093ea",
            "user_data_base64": null,
            "user_data_replace_on_change": false,
            "volume_tags": null,
            "vpc_security_group_ids": [
              "sg-0d3254a50e4e081b5"
            ]
          },
          "sensitive_attributes": [],
          "private": "eyJlMmJmYjczMC1lY2FhLTExZTYtOGY4OC0zNDM2M2JjN2M0YzAiOnsiY3JlYXRlIjo2MDAwMDAwMDAwMDAsImRlbGV0ZSI6MTIwMDAwMDAwMDAwMCwicmVhZCI6OTAwMDAwMDAwMDAwLCJ1cGRhdGUiOjYwMDAwMDAwMDAwMH0sInNjaGVtYV92ZXJzaW9uIjoiMSJ9",
          "dependencies": [
            "aws_network_interface.network_interface",
            "aws_security_group.security_group"
          ]
        }
      ]
    },
    {
      "mode": "managed",
      "type": "aws_network_interface",
      "name": "network_interface",
      "provider": "provider[\"registry.terraform.io/hashicorp/aws\"]",
      "instances": [
        {
          "schema_version": 0,
          "attributes": {
            "arn": "arn:aws:ec2:us-east-1:840414111995:network-interface/eni-0e51e7447f045aea0",
            "attachment": [],
            "description": "",
            "enable_primary_ipv6": null,
            "id": "eni-0e51e7447f045aea0",
            "interface_type": "interface",
            "ipv4_prefix_count": 0,
            "ipv4_prefixes": [],
            "ipv6_address_count": 0,
            "ipv6_address_list": [],
            "ipv6_address_list_enabled": false,
            "ipv6_addresses": [],
            "ipv6_prefix_count": 0,
            "ipv6_prefixes": [],
            "mac_address": "0a:ff:db:31:8d:f9",
            "outpost_arn": "",
            "owner_id": "840414111995",
            "private_dns_name": "",
            "private_ip": "10.0.1.183",
            "private_ip_list": [
              "10.0.1.183"
            ],
            "private_ip_list_enabled": false,
            "private_ips": [
              "10.0.1.183"
            ],
            "private_ips_count": 0,
            "security_groups": [
              "sg-0d3254a50e4e081b5"
            ],
            "source_dest_check": false,
            "subnet_id": "subnet-09c9eff113c760d5a",
            "tags": {
              "Name": "Coder NAT instance_network_interface"
            },
            "tags_all": {
              "Name": "Coder NAT instance_network_interface"
            }
          },
          "sensitive_attributes": [],
          "private": "bnVsbA==",
          "dependencies": [
            "aws_security_group.security_group"
          ]
        }
      ]
    },
    {
      "mode": "managed",
      "type": "aws_security_group",
      "name": "security_group",
      "provider": "provider[\"registry.terraform.io/hashicorp/aws\"]",
      "instances": [
        {
          "schema_version": 1,
          "attributes": {
            "arn": "arn:aws:ec2:us-east-1:840414111995:security-group/sg-0d3254a50e4e081b5",
            "description": "Security Group for NAT instance",
            "egress": [
              {
                "cidr_blocks": [
                  "0.0.0.0/0"
                ],
                "description": "Default egress",
                "from_port": 0,
                "ipv6_cidr_blocks": [],
                "prefix_list_ids": [],
                "protocol": "-1",
                "security_groups": [],
                "self": true,
                "to_port": 0
              }
            ],
            "id": "sg-0d3254a50e4e081b5",
            "ingress": [
              {
                "cidr_blocks": [
                  "0.0.0.0/0"
                ],
                "description": "Ingress CIDR",
                "from_port": 0,
                "ipv6_cidr_blocks": [],
                "prefix_list_ids": [],
                "protocol": "-1",
                "security_groups": [],
                "self": true,
                "to_port": 0
              }
            ],
            "name": "nat_instance_security_group",
            "name_prefix": "",
            "owner_id": "840414111995",
            "revoke_rules_on_delete": false,
            "tags": {},
            "tags_all": {},
            "timeouts": null,
            "vpc_id": "vpc-031449cf5f23e70a5"
          },
          "sensitive_attributes": [],
          "private": "eyJlMmJmYjczMC1lY2FhLTExZTYtOGY4OC0zNDM2M2JjN2M0YzAiOnsiY3JlYXRlIjo2MDAwMDAwMDAwMDAsImRlbGV0ZSI6OTAwMDAwMDAwMDAwfSwic2NoZW1hX3ZlcnNpb24iOiIxIn0="
        }
      ]
    }
  ],
  "check_results": null
}
